
Microsoft Visual Studio Solution File, Format Version 12.00
# Visual Studio Version 17
VisualStudioVersion = 17.9.34728.123
MinimumVisualStudioVersion = 10.0.40219.1
Project("{FAE04EC0-301F-11D3-BF4B-00C04F79EFBC}") = "Orielad", "Orielad\Orielad.csproj", "{F383851E-878B-49D1-A4FB-5B7721E0D6DB}"
EndProject
Global
	GlobalSection(SolutionConfigurationPlatforms) = preSolution
		Debug|Any CPU = Debug|Any CPU
		Release|Any CPU = Release|Any CPU
	EndGlobalSection
	GlobalSection(ProjectConfigurationPlatforms) = postSolution
		{F383851E-878B-49D1-A4FB-5B7721E0D6DB}.Debug|Any CPU.ActiveCfg = Debug|Any CPU
		{F383851E-878B-49D1-A4FB-5B7721E0D6DB}.Debug|Any CPU.Build.0 = Debug|Any CPU
		{F383851E-878B-49D1-A4FB-5B7721E0D6DB}.Release|Any CPU.ActiveCfg = Release|Any CPU
		{F383851E-878B-49D1-A4FB-5B7721E0D6DB}.Release|Any CPU.Build.0 = Release|Any CPU
	EndGlobalSection
	GlobalSection(SolutionProperties) = preSolution
		HideSolutionNode = FALSE
	EndGlobalSection
	GlobalSection(ExtensibilityGlobals) = postSolution
		SolutionGuid = {CAB67FB6-02FA-4C8B-9858-A074E54C875A}
	EndGlobalSection
EndGlobal
